// !$*UTF8*$!
{
	archiveVersion = 1;
	classes = {
	};
	objectVersion = 55;
	objects = {

/* Begin PBXBuildFile section */
		8480C2CB2820F3DB00E0119A /* ViewpPogressUpdateViewController.swift in Sources */ = {isa = PBXBuildFile; fileRef = 8480C2CA2820F3DB00E0119A /* ViewpPogressUpdateViewController.swift */; };
		84B0AAB8281D2D3F00190EA7 /* AppDelegate.swift in Sources */ = {isa = PBXBuildFile; fileRef = 84B0AAB7281D2D3F00190EA7 /* AppDelegate.swift */; };
		84B0AABA281D2D4000190EA7 /* SceneDelegate.swift in Sources */ = {isa = PBXBuildFile; fileRef = 84B0AAB9281D2D4000190EA7 /* SceneDelegate.swift */; };
		84B0AABF281D2D4000190EA7 /* Main.storyboard in Resources */ = {isa = PBXBuildFile; fileRef = 84B0AABD281D2D4000190EA7 /* Main.storyboard */; };
		84B0AAC2281D2D4000190EA7 /* progress_journal.xcdatamodeld in Sources */ = {isa = PBXBuildFile; fileRef = 84B0AAC0281D2D4000190EA7 /* progress_journal.xcdatamodeld */; };
		84B0AAC4281D2D4200190EA7 /* Assets.xcassets in Resources */ = {isa = PBXBuildFile; fileRef = 84B0AAC3281D2D4200190EA7 /* Assets.xcassets */; };
		84B0AAC7281D2D4200190EA7 /* LaunchScreen.storyboard in Resources */ = {isa = PBXBuildFile; fileRef = 84B0AAC5281D2D4200190EA7 /* LaunchScreen.storyboard */; };
		84B0AACF281D403E00190EA7 /* ProgressUpdateTableTableViewController.swift in Sources */ = {isa = PBXBuildFile; fileRef = 84B0AACE281D403E00190EA7 /* ProgressUpdateTableTableViewController.swift */; };
		84B0AAD1281D409B00190EA7 /* CreateProgressUpdateViewController.swift in Sources */ = {isa = PBXBuildFile; fileRef = 84B0AAD0281D409B00190EA7 /* CreateProgressUpdateViewController.swift */; };
/* End PBXBuildFile section */

/* Begin PBXFileReference section */
		8480C2CA2820F3DB00E0119A /* ViewpPogressUpdateViewController.swift */ = {isa = PBXFileReference; lastKnownFileType = sourcecode.swift; path = ViewpPogressUpdateViewController.swift; sourceTree = "<group>"; };
		84B0AAB4281D2D3F00190EA7 /* progress journal.app */ = {isa = PBXFileReference; explicitFileType = wrapper.application; includeInIndex = 0; path = "progress journal.app"; sourceTree = BUILT_PRODUCTS_DIR; };
		84B0AAB7281D2D3F00190EA7 /* AppDelegate.swift */ = {isa = PBXFileReference; lastKnownFileType = sourcecode.swift; path = AppDelegate.swift; sourceTree = "<group>"; };
		84B0AAB9281D2D4000190EA7 /* SceneDelegate.swift */ = {isa = PBXFileReference; lastKnownFileType = sourcecode.swift; path = SceneDelegate.swift; sourceTree = "<group>"; };
		84B0AABE281D2D4000190EA7 /* Base */ = {isa = PBXFileReference; lastKnownFileType = file.storyboard; name = Base; path = Base.lproj/Main.storyboard; sourceTree = "<group>"; };
		84B0AAC1281D2D4000190EA7 /* progress_journal.xcdatamodel */ = {isa = PBXFileReference; lastKnownFileType = wrapper.xcdatamodel; path = progress_journal.xcdatamodel; sourceTree = "<group>"; };
		84B0AAC3281D2D4200190EA7 /* Assets.xcassets */ = {isa = PBXFileReference; lastKnownFileType = folder.assetcatalog; path = Assets.xcassets; sourceTree = "<group>"; };
		84B0AAC6281D2D4200190EA7 /* Base */ = {isa = PBXFileReference; lastKnownFileType = file.storyboard; name = Base; path = Base.lproj/LaunchScreen.storyboard; sourceTree = "<group>"; };
		84B0AAC8281D2D4200190EA7 /* Info.plist */ = {isa = PBXFileReference; lastKnownFileType = text.plist.xml; path = Info.plist; sourceTree = "<group>"; };
		84B0AACE281D403E00190EA7 /* ProgressUpdateTableTableViewController.swift */ = {isa = PBXFileReference; lastKnownFileType = sourcecode.swift; path = ProgressUpdateTableTableViewController.swift; sourceTree = "<group>"; };
		84B0AAD0281D409B00190EA7 /* CreateProgressUpdateViewController.swift */ = {isa = PBXFileReference; lastKnownFileType = sourcecode.swift; path = CreateProgressUpdateViewController.swift; sourceTree = "<group>"; };
/* End PBXFileReference section */

/* Begin PBXFrameworksBuildPhase section */
		84B0AAB1281D2D3F00190EA7 /* Frameworks */ = {
			isa = PBXFrameworksBuildPhase;
			buildActionMask = 2147483647;
			files = (
			);
			runOnlyForDeploymentPostprocessing = 0;
		};
/* End PBXFrameworksBuildPhase section */

/* Begin PBXGroup section */
		84B0AAAB281D2D3F00190EA7 = {
			isa = PBXGroup;
			children = (
				84B0AACE281D403E00190EA7 /* ProgressUpdateTableTableViewController.swift */,
				8480C2CA2820F3DB00E0119A /* ViewpPogressUpdateViewController.swift */,
				84B0AAD0281D409B00190EA7 /* CreateProgressUpdateViewController.swift */,
				84B0AAB6281D2D3F00190EA7 /* progress journal */,
				84B0AAB5281D2D3F00190EA7 /* Products */,
			);
			sourceTree = "<group>";
		};
		84B0AAB5281D2D3F00190EA7 /* Products */ = {
			isa = PBXGroup;
			children = (
				84B0AAB4281D2D3F00190EA7 /* progress journal.app */,
			);
			name = Products;
			sourceTree = "<group>";
		};
		84B0AAB6281D2D3F00190EA7 /* progress journal */ = {
			isa = PBXGroup;
			children = (
				84B0AAB7281D2D3F00190EA7 /* AppDelegate.swift */,
				84B0AAB9281D2D4000190EA7 /* SceneDelegate.swift */,
				84B0AABD281D2D4000190EA7 /* Main.storyboard */,
				84B0AAC3281D2D4200190EA7 /* Assets.xcassets */,
				84B0AAC5281D2D4200190EA7 /* LaunchScreen.storyboard */,
				84B0AAC8281D2D4200190EA7 /* Info.plist */,
				84B0AAC0281D2D4000190EA7 /* progress_journal.xcdatamodeld */,
			);
			path = "progress journal";
			sourceTree = "<group>";
		};
/* End PBXGroup section */

/* Begin PBXNativeTarget section */
		84B0AAB3281D2D3F00190EA7 /* progress journal */ = {
			isa = PBXNativeTarget;
			buildConfigurationList = 84B0AACB281D2D4200190EA7 /* Build configuration list for PBXNativeTarget "progress journal" */;
			buildPhases = (
				84B0AAB0281D2D3F00190EA7 /* Sources */,
				84B0AAB1281D2D3F00190EA7 /* Frameworks */,
				84B0AAB2281D2D3F00190EA7 /* Resources */,
			);
			buildRules = (
			);
			dependencies = (
			);
			name = "progress journal";
			productName = "progress journal";
			productReference = 84B0AAB4281D2D3F00190EA7 /* progress journal.app */;
			productType = "com.apple.product-type.application";
		};
/* End PBXNativeTarget section */

/* Begin PBXProject section */
		84B0AAAC281D2D3F00190EA7 /* Project object */ = {
			isa = PBXProject;
			attributes = {
				BuildIndependentTargetsInParallel = 1;
				LastSwiftUpdateCheck = 1330;
				LastUpgradeCheck = 1330;
				TargetAttributes = {
					84B0AAB3281D2D3F00190EA7 = {
						CreatedOnToolsVersion = 13.3.1;
					};
				};
			};
			buildConfigurationList = 84B0AAAF281D2D3F00190EA7 /* Build configuration list for PBXProject "progress journal" */;
			compatibilityVersion = "Xcode 13.0";
			developmentRegion = en;
			hasScannedForEncodings = 0;
			knownRegions = (
				en,
				Base,
			);
			mainGroup = 84B0AAAB281D2D3F00190EA7;
			productRefGroup = 84B0AAB5281D2D3F00190EA7 /* Products */;
			projectDirPath = "";
			projectRoot = "";
			targets = (
				84B0AAB3281D2D3F00190EA7 /* progress journal */,
			);
		};
/* End PBXProject section */

/* Begin PBXResourcesBuildPhase section */
		84B0AAB2281D2D3F00190EA7 /* Resources */ = {
			isa = PBXResourcesBuildPhase;
			buildActionMask = 2147483647;
			files = (
				84B0AAC7281D2D4200190EA7 /* LaunchScreen.storyboard in Resources */,
				84B0AAC4281D2D4200190EA7 /* Assets.xcassets in Resources */,
				84B0AABF281D2D4000190EA7 /* Main.storyboard in Resources */,
			);
			runOnlyForDeploymentPostprocessing = 0;
		};
/* End PBXResourcesBuildPhase section */

/* Begin PBXSourcesBuildPhase section */
		84B0AAB0281D2D3F00190EA7 /* Sources */ = {
			isa = PBXSourcesBuildPhase;
			buildActionMask = 2147483647;
			files = (
				84B0AAC2281D2D4000190EA7 /* progress_journal.xcdatamodeld in Sources */,
				8480C2CB2820F3DB00E0119A /* ViewpPogressUpdateViewController.swift in Sources */,
				84B0AAB8281D2D3F00190EA7 /* AppDelegate.swift in Sources */,
				84B0AAD1281D409B00190EA7 /* CreateProgressUpdateViewController.swift in Sources */,
				84B0AACF281D403E00190EA7 /* ProgressUpdateTableTableViewController.swift in Sources */,
				84B0AABA281D2D4000190EA7 /* SceneDelegate.swift in Sources */,
			);
			runOnlyForDeploymentPostprocessing = 0;
		};
/* End PBXSourcesBuildPhase section */

/* Begin PBXVariantGroup section */
		84B0AABD281D2D4000190EA7 /* Main.storyboard */ = {
			isa = PBXVariantGroup;
			children = (
				84B0AABE281D2D4000190EA7 /* Base */,
			);
			name = Main.storyboard;
			sourceTree = "<group>";
		};
		84B0AAC5281D2D4200190EA7 /* LaunchScreen.storyboard */ = {
			isa = PBXVariantGroup;
			children = (
				84B0AAC6281D2D4200190EA7 /* Base */,
			);
			name = LaunchScreen.storyboard;
			sourceTree = "<group>";
		};
/* End PBXVariantGroup section */

/* Begin XCBuildConfiguration section */
		84B0AAC9281D2D4200190EA7 /* Debug */ = {
			isa = XCBuildConfiguration;
			buildSettings = {
				ALWAYS_SEARCH_USER_PATHS = NO;
				CLANG_ANALYZER_NONNULL = YES;
				CLANG_ANALYZER_NUMBER_OBJECT_CONVERSION = YES_AGGRESSIVE;
				CLANG_CXX_LANGUAGE_STANDARD = "gnu++17";
				CLANG_ENABLE_MODULES = YES;
				CLANG_ENABLE_OBJC_ARC = YES;
				CLANG_ENABLE_OBJC_WEAK = YES;
				CLANG_WARN_BLOCK_CAPTURE_AUTORELEASING = YES;
				CLANG_WARN_BOOL_CONVERSION = YES;
				CLANG_WARN_COMMA = YES;
				CLANG_WARN_CONSTANT_CONVERSION = YES;
				CLANG_WARN_DEPRECATED_OBJC_IMPLEMENTATIONS = YES;
				CLANG_WARN_DIRECT_OBJC_ISA_USAGE = YES_ERROR;
				CLANG_WARN_DOCUMENTATION_COMMENTS = YES;
				CLANG_WARN_EMPTY_BODY = YES;
				CLANG_WARN_ENUM_CONVERSION = YES;
				CLANG_WARN_INFINITE_RECURSION = YES;
				CLANG_WARN_INT_CONVERSION = YES;
				CLANG_WARN_NON_LITERAL_NULL_CONVERSION = YES;
				CLANG_WARN_OBJC_IMPLICIT_RETAIN_SELF = YES;
				CLANG_WARN_OBJC_LITERAL_CONVERSION = YES;
				CLANG_WARN_OBJC_ROOT_CLASS = YES_ERROR;
				CLANG_WARN_QUOTED_INCLUDE_IN_FRAMEWORK_HEADER = YES;
				CLANG_WARN_RANGE_LOOP_ANALYSIS = YES;
				CLANG_WARN_STRICT_PROTOTYPES = YES;
				CLANG_WARN_SUSPICIOUS_MOVE = YES;
				CLANG_WARN_UNGUARDED_AVAILABILITY = YES_AGGRESSIVE;
				CLANG_WARN_UNREACHABLE_CODE = YES;
				CLANG_WARN__DUPLICATE_METHOD_MATCH = YES;
				COPY_PHASE_STRIP = NO;
				DEBUG_INFORMATION_FORMAT = dwarf;
				ENABLE_STRICT_OBJC_MSGSEND = YES;
				ENABLE_TESTABILITY = YES;
				GCC_C_LANGUAGE_STANDARD = gnu11;
				GCC_DYNAMIC_NO_PIC = NO;
				GCC_NO_COMMON_BLOCKS = YES;
				GCC_OPTIMIZATION_LEVEL = 0;
				GCC_PREPROCESSOR_DEFINITIONS = (
					"DEBUG=1",
					"$(inherited)",
				);
				GCC_WARN_64_TO_32_BIT_CONVERSION = YES;
				GCC_WARN_ABOUT_RETURN_TYPE = YES_ERROR;
				GCC_WARN_UNDECLARED_SELECTOR = YES;
				GCC_WARN_UNINITIALIZED_AUTOS = YES_AGGRESSIVE;
				GCC_WARN_UNUSED_FUNCTION = YES;
				GCC_WARN_UNUSED_VARIABLE = YES;
				IPHONEOS_DEPLOYMENT_TARGET = 14.1;
				MTL_ENABLE_DEBUG_INFO = INCLUDE_SOURCE;
				MTL_FAST_MATH = YES;
				ONLY_ACTIVE_ARCH = YES;
				SDKROOT = iphoneos;
				SWIFT_ACTIVE_COMPILATION_CONDITIONS = DEBUG;
				SWIFT_OPTIMIZATION_LEVEL = "-Onone";
			};
			name = Debug;
		};
		84B0AACA281D2D4200190EA7 /* Release */ = {
			isa = XCBuildConfiguration;
			buildSettings = {
				ALWAYS_SEARCH_USER_PATHS = NO;
				CLANG_ANALYZER_NONNULL = YES;
				CLANG_ANALYZER_NUMBER_OBJECT_CONVERSION = YES_AGGRESSIVE;
				CLANG_CXX_LANGUAGE_STANDARD = "gnu++17";
				CLANG_ENABLE_MODULES = YES;
				CLANG_ENABLE_OBJC_ARC = YES;
				CLANG_ENABLE_OBJC_WEAK = YES;
				CLANG_WARN_BLOCK_CAPTURE_AUTORELEASING = YES;
				CLANG_WARN_BOOL_CONVERSION = YES;
				CLANG_WARN_COMMA = YES;
				CLANG_WARN_CONSTANT_CONVERSION = YES;
				CLANG_WARN_DEPRECATED_OBJC_IMPLEMENTATIONS = YES;
				CLANG_WARN_DIRECT_OBJC_ISA_USAGE = YES_ERROR;
				CLANG_WARN_DOCUMENTATION_COMMENTS = YES;
				CLANG_WARN_EMPTY_BODY = YES;
				CLANG_WARN_ENUM_CONVERSION = YES;
				CLANG_WARN_INFINITE_RECURSION = YES;
				CLANG_WARN_INT_CONVERSION = YES;
				CLANG_WARN_NON_LITERAL_NULL_CONVERSION = YES;
				CLANG_WARN_OBJC_IMPLICIT_RETAIN_SELF = YES;
				CLANG_WARN_OBJC_LITERAL_CONVERSION = YES;
				CLANG_WARN_OBJC_ROOT_CLASS = YES_ERROR;
				CLANG_WARN_QUOTED_INCLUDE_IN_FRAMEWORK_HEADER = YES;
				CLANG_WARN_RANGE_LOOP_ANALYSIS = YES;
				CLANG_WARN_STRICT_PROTOTYPES = YES;
				CLANG_WARN_SUSPICIOUS_MOVE = YES;
				CLANG_WARN_UNGUARDED_AVAILABILITY = YES_AGGRESSIVE;
				CLANG_WARN_UNREACHABLE_CODE = YES;
				CLANG_WARN__DUPLICATE_METHOD_MATCH = YES;
				COPY_PHASE_STRIP = NO;
				DEBUG_INFORMATION_FORMAT = "dwarf-with-dsym";
				ENABLE_NS_ASSERTIONS = NO;
				ENABLE_STRICT_OBJC_MSGSEND = YES;
				GCC_C_LANGUAGE_STANDARD = gnu11;
				GCC_NO_COMMON_BLOCKS = YES;
				GCC_WARN_64_TO_32_BIT_CONVERSION = YES;
				GCC_WARN_ABOUT_RETURN_TYPE = YES_ERROR;
				GCC_WARN_UNDECLARED_SELECTOR = YES;
				GCC_WARN_UNINITIALIZED_AUTOS = YES_AGGRESSIVE;
				GCC_WARN_UNUSED_FUNCTION = YES;
				GCC_WARN_UNUSED_VARIABLE = YES;
				IPHONEOS_DEPLOYMENT_TARGET = 14.1;
				MTL_ENABLE_DEBUG_INFO = NO;
				MTL_FAST_MATH = YES;
				SDKROOT = iphoneos;
				SWIFT_COMPILATION_MODE = wholemodule;
				SWIFT_OPTIMIZATION_LEVEL = "-O";
				VALIDATE_PRODUCT = YES;
			};
			name = Release;
		};
		84B0AACC281D2D4200190EA7 /* Debug */ = {
			isa = XCBuildConfiguration;
			buildSettings = {
				ASSETCATALOG_COMPILER_APPICON_NAME = AppIcon;
				ASSETCATALOG_COMPILER_GLOBAL_ACCENT_COLOR_NAME = AccentColor;
				CODE_SIGN_STYLE = Automatic;
				CURRENT_PROJECT_VERSION = 1;
				DEVELOPMENT_TEAM = APSJ899466;
				GENERATE_INFOPLIST_FILE = YES;
				INFOPLIST_FILE = "progress journal/Info.plist";
				INFOPLIST_KEY_UIApplicationSupportsIndirectInputEvents = YES;
				INFOPLIST_KEY_UILaunchStoryboardName = LaunchScreen;
				INFOPLIST_KEY_UIMainStoryboardFile = Main;
				INFOPLIST_KEY_UISupportedInterfaceOrientations_iPad = "UIInterfaceOrientationPortrait UIInterfaceOrientationPortraitUpsideDown UIInterfaceOrientationLandscapeLeft UIInterfaceOrientationLandscapeRight";
				INFOPLIST_KEY_UISupportedInterfaceOrientations_iPhone = "UIInterfaceOrientationPortrait UIInterfaceOrientationLandscapeLeft UIInterfaceOrientationLandscapeRight";
				LD_RUNPATH_SEARCH_PATHS = (
					"$(inherited)",
					"@executable_path/Frameworks",
				);
				MARKETING_VERSION = 1.0;
				PRODUCT_BUNDLE_IDENTIFIER = "com.rajesh.progress-journal";
				PRODUCT_NAME = "$(TARGET_NAME)";
				SWIFT_EMIT_LOC_STRINGS = YES;
				SWIFT_VERSION = 5.0;
				TARGETED_DEVICE_FAMILY = "1,2";
			};
			name = Debug;
		};
		84B0AACD281D2D4200190EA7 /* Release */ = {
			isa = XCBuildConfiguration;
			buildSettings = {
				ASSETCATALOG_COMPILER_APPICON_NAME = AppIcon;
				ASSETCATALOG_COMPILER_GLOBAL_ACCENT_COLOR_NAME = AccentColor;
				CODE_SIGN_STYLE = Automatic;
				CURRENT_PROJECT_VERSION = 1;
				DEVELOPMENT_TEAM = APSJ899466;
				GENERATE_INFOPLIST_FILE = YES;
				INFOPLIST_FILE = "progress journal/Info.plist";
				INFOPLIST_KEY_UIApplicationSupportsIndirectInputEvents = YES;
				INFOPLIST_KEY_UILaunchStoryboardName = LaunchScreen;
				INFOPLIST_KEY_UIMainStoryboardFile = Main;
				INFOPLIST_KEY_UISupportedInterfaceOrientations_iPad = "UIInterfaceOrientationPortrait UIInterfaceOrientationPortraitUpsideDown UIInterfaceOrientationLandscapeLeft UIInterfaceOrientationLandscapeRight";
				INFOPLIST_KEY_UISupportedInterfaceOrientations_iPhone = "UIInterfaceOrientationPortrait UIInterfaceOrientationLandscapeLeft UIInterfaceOrientationLandscapeRight";
				LD_RUNPATH_SEARCH_PATHS = (
					"$(inherited)",
					"@executable_path/Frameworks",
				);
				MARKETING_VERSION = 1.0;
				PRODUCT_BUNDLE_IDENTIFIER = "com.rajesh.progress-journal";
				PRODUCT_NAME = "$(TARGET_NAME)";
				SWIFT_EMIT_LOC_STRINGS = YES;
				SWIFT_VERSION = 5.0;
				TARGETED_DEVICE_FAMILY = "1,2";
			};
			name = Release;
		};
/* End XCBuildConfiguration section */

/* Begin XCConfigurationList section */
		84B0AAAF281D2D3F00190EA7 /* Build configuration list for PBXProject "progress journal" */ = {
			isa = XCConfigurationList;
			buildConfigurations = (
				84B0AAC9281D2D4200190EA7 /* Debug */,
				84B0AACA281D2D4200190EA7 /* Release */,
			);
			defaultConfigurationIsVisible = 0;
			defaultConfigurationName = Release;
		};
		84B0AACB281D2D4200190EA7 /* Build configuration list for PBXNativeTarget "progress journal" */ = {
			isa = XCConfigurationList;
			buildConfigurations = (
				84B0AACC281D2D4200190EA7 /* Debug */,
				84B0AACD281D2D4200190EA7 /* Release */,
			);
			defaultConfigurationIsVisible = 0;
			defaultConfigurationName = Release;
		};
/* End XCConfigurationList section */

/* Begin XCVersionGroup section */
		84B0AAC0281D2D4000190EA7 /* progress_journal.xcdatamodeld */ = {
			isa = XCVersionGroup;
			children = (
				84B0AAC1281D2D4000190EA7 /* progress_journal.xcdatamodel */,
			);
			currentVersion = 84B0AAC1281D2D4000190EA7 /* progress_journal.xcdatamodel */;
			path = progress_journal.xcdatamodeld;
			sourceTree = "<group>";
			versionGroupType = wrapper.xcdatamodel;
		};
/* End XCVersionGroup section */
	};
	rootObject = 84B0AAAC281D2D3F00190EA7 /* Project object */;
}
